
Microsoft Visual Studio Solution File, Format Version 12.00
# Visual Studio 15
VisualStudioVersion = 15.0.28307.421
MinimumVisualStudioVersion = 10.0.40219.1
Project("{2150E333-8FDC-42A3-9474-1A3956D46DE8}") = "NetworkListeners", "NetworkListeners", "{AA20C570-F9FF-4D29-956E-B0B5912866A6}"
EndProject
Project("{9092AA53-FB77-4645-B42D-1CCCA6BD08BD}") = "FabricListener", "NetworkListeners\FabricListener\FabricListener.njsproj", "{865E85CD-2B81-4FC7-B677-03FFCB677AFB}"
EndProject
Project("{2150E333-8FDC-42A3-9474-1A3956D46DE8}") = "Web", "Web", "{E9E274FC-C6B8-4C5B-947C-509DEEBFE23F}"
EndProject
Project("{9A19103F-16F7-4668-BE54-9A1E7A4F7556}") = "CertiPath.BlockchainGateway.Web", "Web\CertiPath.BlockchainGateway.Web.csproj", "{2405278A-745E-469D-8C55-C19672FFF4AD}"
EndProject
Project("{2150E333-8FDC-42A3-9474-1A3956D46DE8}") = "Common", "Common", "{4A42B75D-0979-4EC6-825E-3BD9CB22B83C}"
EndProject
Project("{FAE04EC0-301F-11D3-BF4B-00C04F79EFBC}") = "CertiPath.BlockchainGateway.API", "Common\CertiPath.BlockchainGateway.API\CertiPath.BlockchainGateway.API.csproj", "{97B0241E-8D17-4ED0-946C-FD5AF75DABF6}"
EndProject
Project("{FAE04EC0-301F-11D3-BF4B-00C04F79EFBC}") = "Certipath.BlockchainGateway.Service", "Common\Certipath.BlockchainGateway.Service\Certipath.BlockchainGateway.Service.csproj", "{400EB50F-4097-49B3-A45F-139C1C594DCD}"
EndProject
Project("{2150E333-8FDC-42A3-9474-1A3956D46DE8}") = "Database", "Database", "{66829CD4-DFEF-42F3-A0D7-667AC277B4D5}"
EndProject
Project("{00D1A9C2-B5F0-4AF3-8072-F6C62B433612}") = "CertiPath.BlockchainGateway.Database", "Database\CertiPath.BlockChainGateway.Database\CertiPath.BlockchainGateway.Database.sqlproj", "{F3DD36AF-2C7C-40C4-9F6C-51513CC514A1}"
EndProject
Project("{FAE04EC0-301F-11D3-BF4B-00C04F79EFBC}") = "CertiPath.BlockchainGateway.DataLayer", "Database\CertiPath.BlockchainGateway.DataLayer\CertiPath.BlockchainGateway.DataLayer.csproj", "{3530DD53-7B66-4592-8DF5-FB063723815C}"
EndProject
Project("{FAE04EC0-301F-11D3-BF4B-00C04F79EFBC}") = "CertiPath.BlockchainGateway.Model", "Common\CertiPath.BlockchainGateway.Model\CertiPath.BlockchainGateway.Model.csproj", "{C1CA53D6-8DE9-45FE-BA7C-7B59DBCF3C57}"
EndProject
Project("{2150E333-8FDC-42A3-9474-1A3956D46DE8}") = "Scripts", "Scripts", "{421287CD-E6EC-4F61-A18B-2F6B618C2F38}"
	ProjectSection(SolutionItems) = preProject
		Database\Scripts\IIS_APPPOOL_DefaultAppPool.sql = Database\Scripts\IIS_APPPOOL_DefaultAppPool.sql
		Database\Scripts\StandUp.sql = Database\Scripts\StandUp.sql
	EndProjectSection
EndProject
Global
	GlobalSection(SolutionConfigurationPlatforms) = preSolution
		Debug|Any CPU = Debug|Any CPU
		Release|Any CPU = Release|Any CPU
	EndGlobalSection
	GlobalSection(ProjectConfigurationPlatforms) = postSolution
		{865E85CD-2B81-4FC7-B677-03FFCB677AFB}.Debug|Any CPU.ActiveCfg = Debug|Any CPU
		{865E85CD-2B81-4FC7-B677-03FFCB677AFB}.Debug|Any CPU.Build.0 = Debug|Any CPU
		{865E85CD-2B81-4FC7-B677-03FFCB677AFB}.Release|Any CPU.ActiveCfg = Release|Any CPU
		{865E85CD-2B81-4FC7-B677-03FFCB677AFB}.Release|Any CPU.Build.0 = Release|Any CPU
		{2405278A-745E-469D-8C55-C19672FFF4AD}.Debug|Any CPU.ActiveCfg = Debug|Any CPU
		{2405278A-745E-469D-8C55-C19672FFF4AD}.Debug|Any CPU.Build.0 = Debug|Any CPU
		{2405278A-745E-469D-8C55-C19672FFF4AD}.Release|Any CPU.ActiveCfg = Release|Any CPU
		{2405278A-745E-469D-8C55-C19672FFF4AD}.Release|Any CPU.Build.0 = Release|Any CPU
		{97B0241E-8D17-4ED0-946C-FD5AF75DABF6}.Debug|Any CPU.ActiveCfg = Debug|Any CPU
		{97B0241E-8D17-4ED0-946C-FD5AF75DABF6}.Debug|Any CPU.Build.0 = Debug|Any CPU
		{97B0241E-8D17-4ED0-946C-FD5AF75DABF6}.Release|Any CPU.ActiveCfg = Release|Any CPU
		{97B0241E-8D17-4ED0-946C-FD5AF75DABF6}.Release|Any CPU.Build.0 = Release|Any CPU
		{400EB50F-4097-49B3-A45F-139C1C594DCD}.Debug|Any CPU.ActiveCfg = Debug|Any CPU
		{400EB50F-4097-49B3-A45F-139C1C594DCD}.Debug|Any CPU.Build.0 = Debug|Any CPU
		{400EB50F-4097-49B3-A45F-139C1C594DCD}.Release|Any CPU.ActiveCfg = Release|Any CPU
		{400EB50F-4097-49B3-A45F-139C1C594DCD}.Release|Any CPU.Build.0 = Release|Any CPU
		{F3DD36AF-2C7C-40C4-9F6C-51513CC514A1}.Debug|Any CPU.ActiveCfg = Debug|Any CPU
		{F3DD36AF-2C7C-40C4-9F6C-51513CC514A1}.Debug|Any CPU.Build.0 = Debug|Any CPU
		{F3DD36AF-2C7C-40C4-9F6C-51513CC514A1}.Debug|Any CPU.Deploy.0 = Debug|Any CPU
		{F3DD36AF-2C7C-40C4-9F6C-51513CC514A1}.Release|Any CPU.ActiveCfg = Release|Any CPU
		{F3DD36AF-2C7C-40C4-9F6C-51513CC514A1}.Release|Any CPU.Build.0 = Release|Any CPU
		{F3DD36AF-2C7C-40C4-9F6C-51513CC514A1}.Release|Any CPU.Deploy.0 = Release|Any CPU
		{3530DD53-7B66-4592-8DF5-FB063723815C}.Debug|Any CPU.ActiveCfg = Debug|Any CPU
		{3530DD53-7B66-4592-8DF5-FB063723815C}.Debug|Any CPU.Build.0 = Debug|Any CPU
		{3530DD53-7B66-4592-8DF5-FB063723815C}.Release|Any CPU.ActiveCfg = Release|Any CPU
		{3530DD53-7B66-4592-8DF5-FB063723815C}.Release|Any CPU.Build.0 = Release|Any CPU
		{C1CA53D6-8DE9-45FE-BA7C-7B59DBCF3C57}.Debug|Any CPU.ActiveCfg = Debug|Any CPU
		{C1CA53D6-8DE9-45FE-BA7C-7B59DBCF3C57}.Debug|Any CPU.Build.0 = Debug|Any CPU
		{C1CA53D6-8DE9-45FE-BA7C-7B59DBCF3C57}.Release|Any CPU.ActiveCfg = Release|Any CPU
		{C1CA53D6-8DE9-45FE-BA7C-7B59DBCF3C57}.Release|Any CPU.Build.0 = Release|Any CPU
	EndGlobalSection
	GlobalSection(SolutionProperties) = preSolution
		HideSolutionNode = FALSE
	EndGlobalSection
	GlobalSection(NestedProjects) = preSolution
		{865E85CD-2B81-4FC7-B677-03FFCB677AFB} = {AA20C570-F9FF-4D29-956E-B0B5912866A6}
		{2405278A-745E-469D-8C55-C19672FFF4AD} = {E9E274FC-C6B8-4C5B-947C-509DEEBFE23F}
		{97B0241E-8D17-4ED0-946C-FD5AF75DABF6} = {4A42B75D-0979-4EC6-825E-3BD9CB22B83C}
		{400EB50F-4097-49B3-A45F-139C1C594DCD} = {4A42B75D-0979-4EC6-825E-3BD9CB22B83C}
		{F3DD36AF-2C7C-40C4-9F6C-51513CC514A1} = {66829CD4-DFEF-42F3-A0D7-667AC277B4D5}
		{3530DD53-7B66-4592-8DF5-FB063723815C} = {66829CD4-DFEF-42F3-A0D7-667AC277B4D5}
		{C1CA53D6-8DE9-45FE-BA7C-7B59DBCF3C57} = {4A42B75D-0979-4EC6-825E-3BD9CB22B83C}
		{421287CD-E6EC-4F61-A18B-2F6B618C2F38} = {66829CD4-DFEF-42F3-A0D7-667AC277B4D5}
	EndGlobalSection
	GlobalSection(ExtensibilityGlobals) = postSolution
		SolutionGuid = {8C1682D3-F1BA-46D0-8C3C-13EFEF321188}
	EndGlobalSection
EndGlobal
